// !$*UTF8*$!
{
	archiveVersion = 1;
	classes = {
	};
	objectVersion = 50;
	objects = {

/* Begin PBXBuildFile section */
		8CEDD05FDD372244ED41F9F8 /* Pods_HyApp.framework in Frameworks */ = {isa = PBXBuildFile; fileRef = 6DAC1F202862FAC43345162D /* Pods_HyApp.framework */; };
		FC3C7120220B47D7009CB8BD /* APIManager.swift in Sources */ = {isa = PBXBuildFile; fileRef = FC3C711F220B47D7009CB8BD /* APIManager.swift */; };
		FC3C7122220B4B33009CB8BD /* API_URL.swift in Sources */ = {isa = PBXBuildFile; fileRef = FC3C7121220B4B33009CB8BD /* API_URL.swift */; };
		FC3C7125220BD49F009CB8BD /* UserModel.swift in Sources */ = {isa = PBXBuildFile; fileRef = FC3C7124220BD49F009CB8BD /* UserModel.swift */; };
		FC3C7127220BDFF8009CB8BD /* LoginView.xib in Resources */ = {isa = PBXBuildFile; fileRef = FC3C7126220BDFF8009CB8BD /* LoginView.xib */; };
		FC3C7129220BEE49009CB8BD /* LoginView.swift in Sources */ = {isa = PBXBuildFile; fileRef = FC3C7128220BEE49009CB8BD /* LoginView.swift */; };
		FCFBA536220599DE00289D79 /* AppDelegate.swift in Sources */ = {isa = PBXBuildFile; fileRef = FCFBA535220599DE00289D79 /* AppDelegate.swift */; };
		FCFBA538220599DE00289D79 /* LoginVC.swift in Sources */ = {isa = PBXBuildFile; fileRef = FCFBA537220599DE00289D79 /* LoginVC.swift */; };
		FCFBA53B220599DE00289D79 /* Main.storyboard in Resources */ = {isa = PBXBuildFile; fileRef = FCFBA539220599DE00289D79 /* Main.storyboard */; };
		FCFBA53D220599DF00289D79 /* Assets.xcassets in Resources */ = {isa = PBXBuildFile; fileRef = FCFBA53C220599DF00289D79 /* Assets.xcassets */; };
		FCFBA540220599DF00289D79 /* LaunchScreen.storyboard in Resources */ = {isa = PBXBuildFile; fileRef = FCFBA53E220599DF00289D79 /* LaunchScreen.storyboard */; };
/* End PBXBuildFile section */

/* Begin PBXFileReference section */
		60277B81EC289BAB4B1A4A88 /* Pods-HyApp.release.xcconfig */ = {isa = PBXFileReference; includeInIndex = 1; lastKnownFileType = text.xcconfig; name = "Pods-HyApp.release.xcconfig"; path = "Pods/Target Support Files/Pods-HyApp/Pods-HyApp.release.xcconfig"; sourceTree = "<group>"; };
		6DAC1F202862FAC43345162D /* Pods_HyApp.framework */ = {isa = PBXFileReference; explicitFileType = wrapper.framework; includeInIndex = 0; path = Pods_HyApp.framework; sourceTree = BUILT_PRODUCTS_DIR; };
		D7115A237FCDFF53C5388B8A /* Pods-HyApp.debug.xcconfig */ = {isa = PBXFileReference; includeInIndex = 1; lastKnownFileType = text.xcconfig; name = "Pods-HyApp.debug.xcconfig"; path = "Pods/Target Support Files/Pods-HyApp/Pods-HyApp.debug.xcconfig"; sourceTree = "<group>"; };
		FC3C711F220B47D7009CB8BD /* APIManager.swift */ = {isa = PBXFileReference; lastKnownFileType = sourcecode.swift; path = APIManager.swift; sourceTree = "<group>"; };
		FC3C7121220B4B33009CB8BD /* API_URL.swift */ = {isa = PBXFileReference; lastKnownFileType = sourcecode.swift; path = API_URL.swift; sourceTree = "<group>"; };
		FC3C7124220BD49F009CB8BD /* UserModel.swift */ = {isa = PBXFileReference; lastKnownFileType = sourcecode.swift; path = UserModel.swift; sourceTree = "<group>"; };
		FC3C7126220BDFF8009CB8BD /* LoginView.xib */ = {isa = PBXFileReference; lastKnownFileType = file.xib; path = LoginView.xib; sourceTree = "<group>"; };
		FC3C7128220BEE49009CB8BD /* LoginView.swift */ = {isa = PBXFileReference; lastKnownFileType = sourcecode.swift; path = LoginView.swift; sourceTree = "<group>"; };
		FCFBA532220599DE00289D79 /* HyApp.app */ = {isa = PBXFileReference; explicitFileType = wrapper.application; includeInIndex = 0; path = HyApp.app; sourceTree = BUILT_PRODUCTS_DIR; };
		FCFBA535220599DE00289D79 /* AppDelegate.swift */ = {isa = PBXFileReference; lastKnownFileType = sourcecode.swift; path = AppDelegate.swift; sourceTree = "<group>"; };
		FCFBA537220599DE00289D79 /* LoginVC.swift */ = {isa = PBXFileReference; lastKnownFileType = sourcecode.swift; path = LoginVC.swift; sourceTree = "<group>"; };
		FCFBA53A220599DE00289D79 /* Base */ = {isa = PBXFileReference; lastKnownFileType = file.storyboard; name = Base; path = Base.lproj/Main.storyboard; sourceTree = "<group>"; };
		FCFBA53C220599DF00289D79 /* Assets.xcassets */ = {isa = PBXFileReference; lastKnownFileType = folder.assetcatalog; path = Assets.xcassets; sourceTree = "<group>"; };
		FCFBA53F220599DF00289D79 /* Base */ = {isa = PBXFileReference; lastKnownFileType = file.storyboard; name = Base; path = Base.lproj/LaunchScreen.storyboard; sourceTree = "<group>"; };
		FCFBA541220599DF00289D79 /* Info.plist */ = {isa = PBXFileReference; lastKnownFileType = text.plist.xml; path = Info.plist; sourceTree = "<group>"; };
/* End PBXFileReference section */

/* Begin PBXFrameworksBuildPhase section */
		FCFBA52F220599DE00289D79 /* Frameworks */ = {
			isa = PBXFrameworksBuildPhase;
			buildActionMask = 2147483647;
			files = (
				8CEDD05FDD372244ED41F9F8 /* Pods_HyApp.framework in Frameworks */,
			);
			runOnlyForDeploymentPostprocessing = 0;
		};
/* End PBXFrameworksBuildPhase section */

/* Begin PBXGroup section */
		439B91753F43780C5F799100 /* Pods */ = {
			isa = PBXGroup;
			children = (
				D7115A237FCDFF53C5388B8A /* Pods-HyApp.debug.xcconfig */,
				60277B81EC289BAB4B1A4A88 /* Pods-HyApp.release.xcconfig */,
			);
			name = Pods;
			sourceTree = "<group>";
		};
		52893FCDF0EE700A8533B317 /* Frameworks */ = {
			isa = PBXGroup;
			children = (
				6DAC1F202862FAC43345162D /* Pods_HyApp.framework */,
			);
			name = Frameworks;
			sourceTree = "<group>";
		};
		FC3C7123220BD472009CB8BD /* Helper */ = {
			isa = PBXGroup;
			children = (
				FC3C711F220B47D7009CB8BD /* APIManager.swift */,
				FC3C7121220B4B33009CB8BD /* API_URL.swift */,
			);
			name = Helper;
			sourceTree = "<group>";
		};
		FC3C712A220BEE5A009CB8BD /* View */ = {
			isa = PBXGroup;
			children = (
				FC3C7128220BEE49009CB8BD /* LoginView.swift */,
				FC3C7126220BDFF8009CB8BD /* LoginView.xib */,
			);
			name = View;
			sourceTree = "<group>";
		};
		FCFBA529220599DE00289D79 = {
			isa = PBXGroup;
			children = (
				FCFBA534220599DE00289D79 /* HyApp */,
				FCFBA533220599DE00289D79 /* Products */,
				439B91753F43780C5F799100 /* Pods */,
				52893FCDF0EE700A8533B317 /* Frameworks */,
			);
			sourceTree = "<group>";
		};
		FCFBA533220599DE00289D79 /* Products */ = {
			isa = PBXGroup;
			children = (
				FCFBA532220599DE00289D79 /* HyApp.app */,
			);
			name = Products;
			sourceTree = "<group>";
		};
		FCFBA534220599DE00289D79 /* HyApp */ = {
			isa = PBXGroup;
			children = (
				FCFBA535220599DE00289D79 /* AppDelegate.swift */,
				FCFBA537220599DE00289D79 /* LoginVC.swift */,
				FCFBA539220599DE00289D79 /* Main.storyboard */,
				FCFBA53C220599DF00289D79 /* Assets.xcassets */,
				FCFBA53E220599DF00289D79 /* LaunchScreen.storyboard */,
				FCFBA541220599DF00289D79 /* Info.plist */,
				FC3C7124220BD49F009CB8BD /* UserModel.swift */,
				FC3C712A220BEE5A009CB8BD /* View */,
				FC3C7123220BD472009CB8BD /* Helper */,
			);
			path = HyApp;
			sourceTree = "<group>";
		};
/* End PBXGroup section */

/* Begin PBXNativeTarget section */
		FCFBA531220599DE00289D79 /* HyApp */ = {
			isa = PBXNativeTarget;
			buildConfigurationList = FCFBA544220599DF00289D79 /* Build configuration list for PBXNativeTarget "HyApp" */;
			buildPhases = (
				1B1F2910F675FC075A553C88 /* [CP] Check Pods Manifest.lock */,
				FCFBA52E220599DE00289D79 /* Sources */,
				FCFBA52F220599DE00289D79 /* Frameworks */,
				FCFBA530220599DE00289D79 /* Resources */,
				414F37D5635B1F97FF4DDA5E /* [CP] Embed Pods Frameworks */,
			);
			buildRules = (
			);
			dependencies = (
			);
			name = HyApp;
			productName = HyApp;
			productReference = FCFBA532220599DE00289D79 /* HyApp.app */;
			productType = "com.apple.product-type.application";
		};
/* End PBXNativeTarget section */

/* Begin PBXProject section */
		FCFBA52A220599DE00289D79 /* Project object */ = {
			isa = PBXProject;
			attributes = {
				LastSwiftUpdateCheck = 1010;
				LastUpgradeCheck = 1010;
				ORGANIZATIONNAME = ENYUHUANG;
				TargetAttributes = {
					FCFBA531220599DE00289D79 = {
						CreatedOnToolsVersion = 10.1;
					};
				};
			};
			buildConfigurationList = FCFBA52D220599DE00289D79 /* Build configuration list for PBXProject "HyApp" */;
			compatibilityVersion = "Xcode 9.3";
			developmentRegion = en;
			hasScannedForEncodings = 0;
			knownRegions = (
				en,
				Base,
			);
			mainGroup = FCFBA529220599DE00289D79;
			productRefGroup = FCFBA533220599DE00289D79 /* Products */;
			projectDirPath = "";
			projectRoot = "";
			targets = (
				FCFBA531220599DE00289D79 /* HyApp */,
			);
		};
/* End PBXProject section */

/* Begin PBXResourcesBuildPhase section */
		FCFBA530220599DE00289D79 /* Resources */ = {
			isa = PBXResourcesBuildPhase;
			buildActionMask = 2147483647;
			files = (
				FCFBA540220599DF00289D79 /* LaunchScreen.storyboard in Resources */,
				FCFBA53D220599DF00289D79 /* Assets.xcassets in Resources */,
				FC3C7127220BDFF8009CB8BD /* LoginView.xib in Resources */,
				FCFBA53B220599DE00289D79 /* Main.storyboard in Resources */,
			);
			runOnlyForDeploymentPostprocessing = 0;
		};
/* End PBXResourcesBuildPhase section */

/* Begin PBXShellScriptBuildPhase section */
		1B1F2910F675FC075A553C88 /* [CP] Check Pods Manifest.lock */ = {
			isa = PBXShellScriptBuildPhase;
			buildActionMask = 2147483647;
			files = (
			);
			inputFileListPaths = (
			);
			inputPaths = (
				"${PODS_PODFILE_DIR_PATH}/Podfile.lock",
				"${PODS_ROOT}/Manifest.lock",
			);
			name = "[CP] Check Pods Manifest.lock";
			outputFileListPaths = (
			);
			outputPaths = (
				"$(DERIVED_FILE_DIR)/Pods-HyApp-checkManifestLockResult.txt",
			);
			runOnlyForDeploymentPostprocessing = 0;
			shellPath = /bin/sh;
			shellScript = "diff \"${PODS_PODFILE_DIR_PATH}/Podfile.lock\" \"${PODS_ROOT}/Manifest.lock\" > /dev/null\nif [ $? != 0 ] ; then\n    # print error to STDERR\n    echo \"error: The sandbox is not in sync with the Podfile.lock. Run 'pod install' or update your CocoaPods installation.\" >&2\n    exit 1\nfi\n# This output is used by Xcode 'outputs' to avoid re-running this script phase.\necho \"SUCCESS\" > \"${SCRIPT_OUTPUT_FILE_0}\"\n";
			showEnvVarsInLog = 0;
		};
		414F37D5635B1F97FF4DDA5E /* [CP] Embed Pods Frameworks */ = {
			isa = PBXShellScriptBuildPhase;
			buildActionMask = 2147483647;
			files = (
			);
			inputFileListPaths = (
			);
			inputPaths = (
				"${SRCROOT}/Pods/Target Support Files/Pods-HyApp/Pods-HyApp-frameworks.sh",
				"${BUILT_PRODUCTS_DIR}/Alamofire/Alamofire.framework",
				"${BUILT_PRODUCTS_DIR}/IQKeyboardManagerSwift/IQKeyboardManagerSwift.framework",
				"${BUILT_PRODUCTS_DIR}/SwiftyJSON/SwiftyJSON.framework",
			);
			name = "[CP] Embed Pods Frameworks";
			outputFileListPaths = (
			);
			outputPaths = (
				"${TARGET_BUILD_DIR}/${FRAMEWORKS_FOLDER_PATH}/Alamofire.framework",
				"${TARGET_BUILD_DIR}/${FRAMEWORKS_FOLDER_PATH}/IQKeyboardManagerSwift.framework",
				"${TARGET_BUILD_DIR}/${FRAMEWORKS_FOLDER_PATH}/SwiftyJSON.framework",
			);
			runOnlyForDeploymentPostprocessing = 0;
			shellPath = /bin/sh;
			shellScript = "\"${SRCROOT}/Pods/Target Support Files/Pods-HyApp/Pods-HyApp-frameworks.sh\"\n";
			showEnvVarsInLog = 0;
		};
/* End PBXShellScriptBuildPhase section */

/* Begin PBXSourcesBuildPhase section */
		FCFBA52E220599DE00289D79 /* Sources */ = {
			isa = PBXSourcesBuildPhase;
			buildActionMask = 2147483647;
			files = (
				FC3C7129220BEE49009CB8BD /* LoginView.swift in Sources */,
				FC3C7122220B4B33009CB8BD /* API_URL.swift in Sources */,
				FC3C7120220B47D7009CB8BD /* APIManager.swift in Sources */,
				FCFBA538220599DE00289D79 /* LoginVC.swift in Sources */,
				FC3C7125220BD49F009CB8BD /* UserModel.swift in Sources */,
				FCFBA536220599DE00289D79 /* AppDelegate.swift in Sources */,
			);
			runOnlyForDeploymentPostprocessing = 0;
		};
/* End PBXSourcesBuildPhase section */

/* Begin PBXVariantGroup section */
		FCFBA539220599DE00289D79 /* Main.storyboard */ = {
			isa = PBXVariantGroup;
			children = (
				FCFBA53A220599DE00289D79 /* Base */,
			);
			name = Main.storyboard;
			sourceTree = "<group>";
		};
		FCFBA53E220599DF00289D79 /* LaunchScreen.storyboard */ = {
			isa = PBXVariantGroup;
			children = (
				FCFBA53F220599DF00289D79 /* Base */,
			);
			name = LaunchScreen.storyboard;
			sourceTree = "<group>";
		};
/* End PBXVariantGroup section */

/* Begin XCBuildConfiguration section */
		FCFBA542220599DF00289D79 /* Debug */ = {
			isa = XCBuildConfiguration;
			buildSettings = {
				ALWAYS_SEARCH_USER_PATHS = NO;
				CLANG_ANALYZER_NONNULL = YES;
				CLANG_ANALYZER_NUMBER_OBJECT_CONVERSION = YES_AGGRESSIVE;
				CLANG_CXX_LANGUAGE_STANDARD = "gnu++14";
				CLANG_CXX_LIBRARY = "libc++";
				CLANG_ENABLE_MODULES = YES;
				CLANG_ENABLE_OBJC_ARC = YES;
				CLANG_ENABLE_OBJC_WEAK = YES;
				CLANG_WARN_BLOCK_CAPTURE_AUTORELEASING = YES;
				CLANG_WARN_BOOL_CONVERSION = YES;
				CLANG_WARN_COMMA = YES;
				CLANG_WARN_CONSTANT_CONVERSION = YES;
				CLANG_WARN_DEPRECATED_OBJC_IMPLEMENTATIONS = YES;
				CLANG_WARN_DIRECT_OBJC_ISA_USAGE = YES_ERROR;
				CLANG_WARN_DOCUMENTATION_COMMENTS = YES;
				CLANG_WARN_EMPTY_BODY = YES;
				CLANG_WARN_ENUM_CONVERSION = YES;
				CLANG_WARN_INFINITE_RECURSION = YES;
				CLANG_WARN_INT_CONVERSION = YES;
				CLANG_WARN_NON_LITERAL_NULL_CONVERSION = YES;
				CLANG_WARN_OBJC_IMPLICIT_RETAIN_SELF = YES;
				CLANG_WARN_OBJC_LITERAL_CONVERSION = YES;
				CLANG_WARN_OBJC_ROOT_CLASS = YES_ERROR;
				CLANG_WARN_RANGE_LOOP_ANALYSIS = YES;
				CLANG_WARN_STRICT_PROTOTYPES = YES;
				CLANG_WARN_SUSPICIOUS_MOVE = YES;
				CLANG_WARN_UNGUARDED_AVAILABILITY = YES_AGGRESSIVE;
				CLANG_WARN_UNREACHABLE_CODE = YES;
				CLANG_WARN__DUPLICATE_METHOD_MATCH = YES;
				CODE_SIGN_IDENTITY = "iPhone Developer";
				COPY_PHASE_STRIP = NO;
				DEBUG_INFORMATION_FORMAT = dwarf;
				ENABLE_STRICT_OBJC_MSGSEND = YES;
				ENABLE_TESTABILITY = YES;
				GCC_C_LANGUAGE_STANDARD = gnu11;
				GCC_DYNAMIC_NO_PIC = NO;
				GCC_NO_COMMON_BLOCKS = YES;
				GCC_OPTIMIZATION_LEVEL = 0;
				GCC_PREPROCESSOR_DEFINITIONS = (
					"DEBUG=1",
					"$(inherited)",
				);
				GCC_WARN_64_TO_32_BIT_CONVERSION = YES;
				GCC_WARN_ABOUT_RETURN_TYPE = YES_ERROR;
				GCC_WARN_UNDECLARED_SELECTOR = YES;
				GCC_WARN_UNINITIALIZED_AUTOS = YES_AGGRESSIVE;
				GCC_WARN_UNUSED_FUNCTION = YES;
				GCC_WARN_UNUSED_VARIABLE = YES;
				IPHONEOS_DEPLOYMENT_TARGET = 12.1;
				MTL_ENABLE_DEBUG_INFO = INCLUDE_SOURCE;
				MTL_FAST_MATH = YES;
				ONLY_ACTIVE_ARCH = YES;
				SDKROOT = iphoneos;
				SWIFT_ACTIVE_COMPILATION_CONDITIONS = DEBUG;
				SWIFT_OPTIMIZATION_LEVEL = "-Onone";
			};
			name = Debug;
		};
		FCFBA543220599DF00289D79 /* Release */ = {
			isa = XCBuildConfiguration;
			buildSettings = {
				ALWAYS_SEARCH_USER_PATHS = NO;
				CLANG_ANALYZER_NONNULL = YES;
				CLANG_ANALYZER_NUMBER_OBJECT_CONVERSION = YES_AGGRESSIVE;
				CLANG_CXX_LANGUAGE_STANDARD = "gnu++14";
				CLANG_CXX_LIBRARY = "libc++";
				CLANG_ENABLE_MODULES = YES;
				CLANG_ENABLE_OBJC_ARC = YES;
				CLANG_ENABLE_OBJC_WEAK = YES;
				CLANG_WARN_BLOCK_CAPTURE_AUTORELEASING = YES;
				CLANG_WARN_BOOL_CONVERSION = YES;
				CLANG_WARN_COMMA = YES;
				CLANG_WARN_CONSTANT_CONVERSION = YES;
				CLANG_WARN_DEPRECATED_OBJC_IMPLEMENTATIONS = YES;
				CLANG_WARN_DIRECT_OBJC_ISA_USAGE = YES_ERROR;
				CLANG_WARN_DOCUMENTATION_COMMENTS = YES;
				CLANG_WARN_EMPTY_BODY = YES;
				CLANG_WARN_ENUM_CONVERSION = YES;
				CLANG_WARN_INFINITE_RECURSION = YES;
				CLANG_WARN_INT_CONVERSION = YES;
				CLANG_WARN_NON_LITERAL_NULL_CONVERSION = YES;
				CLANG_WARN_OBJC_IMPLICIT_RETAIN_SELF = YES;
				CLANG_WARN_OBJC_LITERAL_CONVERSION = YES;
				CLANG_WARN_OBJC_ROOT_CLASS = YES_ERROR;
				CLANG_WARN_RANGE_LOOP_ANALYSIS = YES;
				CLANG_WARN_STRICT_PROTOTYPES = YES;
				CLANG_WARN_SUSPICIOUS_MOVE = YES;
				CLANG_WARN_UNGUARDED_AVAILABILITY = YES_AGGRESSIVE;
				CLANG_WARN_UNREACHABLE_CODE = YES;
				CLANG_WARN__DUPLICATE_METHOD_MATCH = YES;
				CODE_SIGN_IDENTITY = "iPhone Developer";
				COPY_PHASE_STRIP = NO;
				DEBUG_INFORMATION_FORMAT = "dwarf-with-dsym";
				ENABLE_NS_ASSERTIONS = NO;
				ENABLE_STRICT_OBJC_MSGSEND = YES;
				GCC_C_LANGUAGE_STANDARD = gnu11;
				GCC_NO_COMMON_BLOCKS = YES;
				GCC_WARN_64_TO_32_BIT_CONVERSION = YES;
				GCC_WARN_ABOUT_RETURN_TYPE = YES_ERROR;
				GCC_WARN_UNDECLARED_SELECTOR = YES;
				GCC_WARN_UNINITIALIZED_AUTOS = YES_AGGRESSIVE;
				GCC_WARN_UNUSED_FUNCTION = YES;
				GCC_WARN_UNUSED_VARIABLE = YES;
				IPHONEOS_DEPLOYMENT_TARGET = 12.1;
				MTL_ENABLE_DEBUG_INFO = NO;
				MTL_FAST_MATH = YES;
				SDKROOT = iphoneos;
				SWIFT_COMPILATION_MODE = wholemodule;
				SWIFT_OPTIMIZATION_LEVEL = "-O";
				VALIDATE_PRODUCT = YES;
			};
			name = Release;
		};
		FCFBA545220599DF00289D79 /* Debug */ = {
			isa = XCBuildConfiguration;
			baseConfigurationReference = D7115A237FCDFF53C5388B8A /* Pods-HyApp.debug.xcconfig */;
			buildSettings = {
				ASSETCATALOG_COMPILER_APPICON_NAME = AppIcon;
				CODE_SIGN_STYLE = Automatic;
				DEVELOPMENT_TEAM = 284Y9W6F8Y;
				INFOPLIST_FILE = HyApp/Info.plist;
				IPHONEOS_DEPLOYMENT_TARGET = 10.0;
				LD_RUNPATH_SEARCH_PATHS = (
					"$(inherited)",
					"@executable_path/Frameworks",
				);
				PRODUCT_BUNDLE_IDENTIFIER = enyu.HyApp;
				PRODUCT_NAME = "$(TARGET_NAME)";
				SWIFT_VERSION = 4.2;
				TARGETED_DEVICE_FAMILY = "1,2";
			};
			name = Debug;
		};
		FCFBA546220599DF00289D79 /* Release */ = {
			isa = XCBuildConfiguration;
			baseConfigurationReference = 60277B81EC289BAB4B1A4A88 /* Pods-HyApp.release.xcconfig */;
			buildSettings = {
				ASSETCATALOG_COMPILER_APPICON_NAME = AppIcon;
				CODE_SIGN_STYLE = Automatic;
				DEVELOPMENT_TEAM = 284Y9W6F8Y;
				INFOPLIST_FILE = HyApp/Info.plist;
				IPHONEOS_DEPLOYMENT_TARGET = 10.0;
				LD_RUNPATH_SEARCH_PATHS = (
					"$(inherited)",
					"@executable_path/Frameworks",
				);
				PRODUCT_BUNDLE_IDENTIFIER = enyu.HyApp;
				PRODUCT_NAME = "$(TARGET_NAME)";
				SWIFT_VERSION = 4.2;
				TARGETED_DEVICE_FAMILY = "1,2";
			};
			name = Release;
		};
/* End XCBuildConfiguration section */

/* Begin XCConfigurationList section */
		FCFBA52D220599DE00289D79 /* Build configuration list for PBXProject "HyApp" */ = {
			isa = XCConfigurationList;
			buildConfigurations = (
				FCFBA542220599DF00289D79 /* Debug */,
				FCFBA543220599DF00289D79 /* Release */,
			);
			defaultConfigurationIsVisible = 0;
			defaultConfigurationName = Release;
		};
		FCFBA544220599DF00289D79 /* Build configuration list for PBXNativeTarget "HyApp" */ = {
			isa = XCConfigurationList;
			buildConfigurations = (
				FCFBA545220599DF00289D79 /* Debug */,
				FCFBA546220599DF00289D79 /* Release */,
			);
			defaultConfigurationIsVisible = 0;
			defaultConfigurationName = Release;
		};
/* End XCConfigurationList section */
	};
	rootObject = FCFBA52A220599DE00289D79 /* Project object */;
}
